
Microsoft Visual Studio Solution File, Format Version 12.00
# Visual Studio Version 16
VisualStudioVersion = 16.0.30114.105
MinimumVisualStudioVersion = 10.0.40219.1
Project("{9A19103F-16F7-4668-BE54-9A1E7A4F7556}") = "BlazorApp1.Server", "BlazorApp1\Server\BlazorApp1.Server.csproj", "{893D8B26-C08B-435C-ACCE-366A1A94AF1C}"
EndProject
Project("{9A19103F-16F7-4668-BE54-9A1E7A4F7556}") = "BlazorApp1.Client", "BlazorApp1\Client\BlazorApp1.Client.csproj", "{B87599FE-CAD0-4A9F-B9FD-3DD688BED1A2}"
EndProject
Project("{9A19103F-16F7-4668-BE54-9A1E7A4F7556}") = "BlazorApp1.Shared", "BlazorApp1\Shared\BlazorApp1.Shared.csproj", "{8C33DFA1-58E2-447F-A891-A24A9E98E698}"
EndProject
Project("{FAE04EC0-301F-11D3-BF4B-00C04F79EFBC}") = "BlazorApp1.UnitTests", "BlazorApp1\UnitTests\BlazorApp1.UnitTests.csproj", "{5DA668E8-CDFA-4F03-AC3D-7C6F6B6A7988}"
EndProject
Global
	GlobalSection(SolutionConfigurationPlatforms) = preSolution
		Debug|Any CPU = Debug|Any CPU
		Release|Any CPU = Release|Any CPU
	EndGlobalSection
	GlobalSection(ProjectConfigurationPlatforms) = postSolution
		{893D8B26-C08B-435C-ACCE-366A1A94AF1C}.Debug|Any CPU.ActiveCfg = Debug|Any CPU
		{893D8B26-C08B-435C-ACCE-366A1A94AF1C}.Debug|Any CPU.Build.0 = Debug|Any CPU
		{893D8B26-C08B-435C-ACCE-366A1A94AF1C}.Release|Any CPU.ActiveCfg = Release|Any CPU
		{893D8B26-C08B-435C-ACCE-366A1A94AF1C}.Release|Any CPU.Build.0 = Release|Any CPU
		{B87599FE-CAD0-4A9F-B9FD-3DD688BED1A2}.Debug|Any CPU.ActiveCfg = Debug|Any CPU
		{B87599FE-CAD0-4A9F-B9FD-3DD688BED1A2}.Debug|Any CPU.Build.0 = Debug|Any CPU
		{B87599FE-CAD0-4A9F-B9FD-3DD688BED1A2}.Release|Any CPU.ActiveCfg = Release|Any CPU
		{B87599FE-CAD0-4A9F-B9FD-3DD688BED1A2}.Release|Any CPU.Build.0 = Release|Any CPU
		{8C33DFA1-58E2-447F-A891-A24A9E98E698}.Debug|Any CPU.ActiveCfg = Debug|Any CPU
		{8C33DFA1-58E2-447F-A891-A24A9E98E698}.Debug|Any CPU.Build.0 = Debug|Any CPU
		{8C33DFA1-58E2-447F-A891-A24A9E98E698}.Release|Any CPU.ActiveCfg = Release|Any CPU
		{8C33DFA1-58E2-447F-A891-A24A9E98E698}.Release|Any CPU.Build.0 = Release|Any CPU
		{5DA668E8-CDFA-4F03-AC3D-7C6F6B6A7988}.Debug|Any CPU.ActiveCfg = Debug|Any CPU
		{5DA668E8-CDFA-4F03-AC3D-7C6F6B6A7988}.Debug|Any CPU.Build.0 = Debug|Any CPU
		{5DA668E8-CDFA-4F03-AC3D-7C6F6B6A7988}.Release|Any CPU.ActiveCfg = Release|Any CPU
		{5DA668E8-CDFA-4F03-AC3D-7C6F6B6A7988}.Release|Any CPU.Build.0 = Release|Any CPU
	EndGlobalSection
	GlobalSection(SolutionProperties) = preSolution
		HideSolutionNode = FALSE
	EndGlobalSection
	GlobalSection(ExtensibilityGlobals) = postSolution
		SolutionGuid = {104AC996-9C88-4873-B1B6-A777BAF56CAF}
	EndGlobalSection
EndGlobal
